
Microsoft Visual Studio Solution File, Format Version 12.00
Project("{FAE04EC0-301F-11D3-BF4B-00C04F79EFBC}") = "Threads", "Threads\Threads.csproj", "{4CFA0946-2FB4-426F-B748-15B712489D5E}"
EndProject
Global
	GlobalSection(SolutionConfigurationPlatforms) = preSolution
		Debug|Any CPU = Debug|Any CPU
		Release|Any CPU = Release|Any CPU
	EndGlobalSection
	GlobalSection(ProjectConfigurationPlatforms) = postSolution
		{4CFA0946-2FB4-426F-B748-15B712489D5E}.Debug|Any CPU.ActiveCfg = Debug|Any CPU
		{4CFA0946-2FB4-426F-B748-15B712489D5E}.Debug|Any CPU.Build.0 = Debug|Any CPU
		{4CFA0946-2FB4-426F-B748-15B712489D5E}.Release|Any CPU.ActiveCfg = Release|Any CPU
		{4CFA0946-2FB4-426F-B748-15B712489D5E}.Release|Any CPU.Build.0 = Release|Any CPU
	EndGlobalSection
EndGlobal
