
Microsoft Visual Studio Solution File, Format Version 12.00
Project("{FAE04EC0-301F-11D3-BF4B-00C04F79EFBC}") = "15Puzzle", "15Puzzle\15Puzzle.csproj", "{74FD73E3-0D12-436C-90C2-36FA487FD741}"
EndProject
Global
	GlobalSection(SolutionConfigurationPlatforms) = preSolution
		Debug|Any CPU = Debug|Any CPU
		Release|Any CPU = Release|Any CPU
	EndGlobalSection
	GlobalSection(ProjectConfigurationPlatforms) = postSolution
		{74FD73E3-0D12-436C-90C2-36FA487FD741}.Debug|Any CPU.ActiveCfg = Debug|Any CPU
		{74FD73E3-0D12-436C-90C2-36FA487FD741}.Debug|Any CPU.Build.0 = Debug|Any CPU
		{74FD73E3-0D12-436C-90C2-36FA487FD741}.Release|Any CPU.ActiveCfg = Release|Any CPU
		{74FD73E3-0D12-436C-90C2-36FA487FD741}.Release|Any CPU.Build.0 = Release|Any CPU
	EndGlobalSection
EndGlobal
